// !$*UTF8*$!
{
	archiveVersion = 1;
	classes = {
	};
	objectVersion = 50;
	objects = {

/* Begin PBXBuildFile section */
		15590B752CD247F60BE45222 /* libPods-WatcthTyUITests.a in Frameworks */ = {isa = PBXBuildFile; fileRef = 4DA8CB35F9D86603E45FA5D8 /* libPods-WatcthTyUITests.a */; };
		52234BD1235F029D00937DAE /* libPods-WatcthTyTests.a in Frameworks */ = {isa = PBXBuildFile; fileRef = 6178255122BCCBD5DBC91668 /* libPods-WatcthTyTests.a */; };
		9A983D3858D7CE1F587E6D08 /* libPods-WatcthTy.a in Frameworks */ = {isa = PBXBuildFile; fileRef = B67DDE097FCE11ACF66CCB8C /* libPods-WatcthTy.a */; };
		B122602E212D5E4A005E4DD8 /* SWRevealViewController.m in Sources */ = {isa = PBXBuildFile; fileRef = B122602C212D5E4A005E4DD8 /* SWRevealViewController.m */; };
		B1226031212D70A4005E4DD8 /* MenuTableViewController.m in Sources */ = {isa = PBXBuildFile; fileRef = B1226030212D70A4005E4DD8 /* MenuTableViewController.m */; };
		B17E2B09211DED5E00463600 /* AppDelegate.m in Sources */ = {isa = PBXBuildFile; fileRef = B17E2B08211DED5E00463600 /* AppDelegate.m */; };
		B17E2B0F211DED5E00463600 /* Main.storyboard in Resources */ = {isa = PBXBuildFile; fileRef = B17E2B0D211DED5E00463600 /* Main.storyboard */; };
		B17E2B11211DED5F00463600 /* Assets.xcassets in Resources */ = {isa = PBXBuildFile; fileRef = B17E2B10211DED5F00463600 /* Assets.xcassets */; };
		B17E2B14211DED5F00463600 /* LaunchScreen.storyboard in Resources */ = {isa = PBXBuildFile; fileRef = B17E2B12211DED5F00463600 /* LaunchScreen.storyboard */; };
		B17E2B17211DED5F00463600 /* main.m in Sources */ = {isa = PBXBuildFile; fileRef = B17E2B16211DED5F00463600 /* main.m */; };
		B17E2B21211DED6000463600 /* WatcthTyTests.m in Sources */ = {isa = PBXBuildFile; fileRef = B17E2B20211DED6000463600 /* WatcthTyTests.m */; };
		B17E2B2C211DED6000463600 /* WatcthTyUITests.m in Sources */ = {isa = PBXBuildFile; fileRef = B17E2B2B211DED6000463600 /* WatcthTyUITests.m */; };
		B17E2B3B211DF9CB00463600 /* MainViewController.m in Sources */ = {isa = PBXBuildFile; fileRef = B17E2B3A211DF9CB00463600 /* MainViewController.m */; };
		B17E2B3E211DFA6A00463600 /* MovieCollectionViewCell.m in Sources */ = {isa = PBXBuildFile; fileRef = B17E2B3D211DFA6A00463600 /* MovieCollectionViewCell.m */; };
		B17E2B41211DFD4F00463600 /* ServerManager.m in Sources */ = {isa = PBXBuildFile; fileRef = B17E2B40211DFD4F00463600 /* ServerManager.m */; };
		B17E2B44211E01CE00463600 /* Movie.m in Sources */ = {isa = PBXBuildFile; fileRef = B17E2B43211E01CE00463600 /* Movie.m */; };
		B17E2B4F212080EF00463600 /* CertainMovieViewController.m in Sources */ = {isa = PBXBuildFile; fileRef = B17E2B4E212080EF00463600 /* CertainMovieViewController.m */; };
		B1E806FB2194A65C00AD2F91 /* Reachability.m in Sources */ = {isa = PBXBuildFile; fileRef = B1E806FA2194A65C00AD2F91 /* Reachability.m */; };
		B1E807052194D88A00AD2F91 /* NoConnectionView.m in Sources */ = {isa = PBXBuildFile; fileRef = B1E807042194D88A00AD2F91 /* NoConnectionView.m */; };
		B1E807072194D89D00AD2F91 /* NoConnectionView.xib in Resources */ = {isa = PBXBuildFile; fileRef = B1E807062194D89D00AD2F91 /* NoConnectionView.xib */; };
/* End PBXBuildFile section */

/* Begin PBXContainerItemProxy section */
		B17E2B1D211DED6000463600 /* PBXContainerItemProxy */ = {
			isa = PBXContainerItemProxy;
			containerPortal = B17E2AFC211DED5E00463600 /* Project object */;
			proxyType = 1;
			remoteGlobalIDString = B17E2B03211DED5E00463600;
			remoteInfo = WatcthTy;
		};
		B17E2B28211DED6000463600 /* PBXContainerItemProxy */ = {
			isa = PBXContainerItemProxy;
			containerPortal = B17E2AFC211DED5E00463600 /* Project object */;
			proxyType = 1;
			remoteGlobalIDString = B17E2B03211DED5E00463600;
			remoteInfo = WatcthTy;
		};
/* End PBXContainerItemProxy section */

/* Begin PBXFileReference section */
		03EC120EE1539B4D8B282D51 /* Pods-WatcthTy.release.xcconfig */ = {isa = PBXFileReference; includeInIndex = 1; lastKnownFileType = text.xcconfig; name = "Pods-WatcthTy.release.xcconfig"; path = "Pods/Target Support Files/Pods-WatcthTy/Pods-WatcthTy.release.xcconfig"; sourceTree = "<group>"; };
		4DA8CB35F9D86603E45FA5D8 /* libPods-WatcthTyUITests.a */ = {isa = PBXFileReference; explicitFileType = archive.ar; includeInIndex = 0; path = "libPods-WatcthTyUITests.a"; sourceTree = BUILT_PRODUCTS_DIR; };
		57C4F4A7A215080A02B84858 /* Pods-WatcthTyTests.release.xcconfig */ = {isa = PBXFileReference; includeInIndex = 1; lastKnownFileType = text.xcconfig; name = "Pods-WatcthTyTests.release.xcconfig"; path = "Pods/Target Support Files/Pods-WatcthTyTests/Pods-WatcthTyTests.release.xcconfig"; sourceTree = "<group>"; };
		6178255122BCCBD5DBC91668 /* libPods-WatcthTyTests.a */ = {isa = PBXFileReference; explicitFileType = archive.ar; includeInIndex = 0; path = "libPods-WatcthTyTests.a"; sourceTree = BUILT_PRODUCTS_DIR; };
		762DC3CD6C5EA41B6CFAE7B2 /* Pods-WatcthTyUITests.release.xcconfig */ = {isa = PBXFileReference; includeInIndex = 1; lastKnownFileType = text.xcconfig; name = "Pods-WatcthTyUITests.release.xcconfig"; path = "Pods/Target Support Files/Pods-WatcthTyUITests/Pods-WatcthTyUITests.release.xcconfig"; sourceTree = "<group>"; };
		91F93F755869346C310E66BC /* Pods-WatcthTy.debug.xcconfig */ = {isa = PBXFileReference; includeInIndex = 1; lastKnownFileType = text.xcconfig; name = "Pods-WatcthTy.debug.xcconfig"; path = "Pods/Target Support Files/Pods-WatcthTy/Pods-WatcthTy.debug.xcconfig"; sourceTree = "<group>"; };
		B122602C212D5E4A005E4DD8 /* SWRevealViewController.m */ = {isa = PBXFileReference; fileEncoding = 4; lastKnownFileType = sourcecode.c.objc; path = SWRevealViewController.m; sourceTree = "<group>"; };
		B122602D212D5E4A005E4DD8 /* SWRevealViewController.h */ = {isa = PBXFileReference; fileEncoding = 4; lastKnownFileType = sourcecode.c.h; path = SWRevealViewController.h; sourceTree = "<group>"; };
		B122602F212D70A4005E4DD8 /* MenuTableViewController.h */ = {isa = PBXFileReference; lastKnownFileType = sourcecode.c.h; path = MenuTableViewController.h; sourceTree = "<group>"; };
		B1226030212D70A4005E4DD8 /* MenuTableViewController.m */ = {isa = PBXFileReference; lastKnownFileType = sourcecode.c.objc; path = MenuTableViewController.m; sourceTree = "<group>"; };
		B17E2B04211DED5E00463600 /* WatchTy.app */ = {isa = PBXFileReference; explicitFileType = wrapper.application; includeInIndex = 0; path = WatchTy.app; sourceTree = BUILT_PRODUCTS_DIR; };
		B17E2B07211DED5E00463600 /* AppDelegate.h */ = {isa = PBXFileReference; lastKnownFileType = sourcecode.c.h; path = AppDelegate.h; sourceTree = "<group>"; };
		B17E2B08211DED5E00463600 /* AppDelegate.m */ = {isa = PBXFileReference; lastKnownFileType = sourcecode.c.objc; path = AppDelegate.m; sourceTree = "<group>"; };
		B17E2B0E211DED5E00463600 /* Base */ = {isa = PBXFileReference; lastKnownFileType = file.storyboard; name = Base; path = Base.lproj/Main.storyboard; sourceTree = "<group>"; };
		B17E2B10211DED5F00463600 /* Assets.xcassets */ = {isa = PBXFileReference; lastKnownFileType = folder.assetcatalog; path = Assets.xcassets; sourceTree = "<group>"; };
		B17E2B13211DED5F00463600 /* Base */ = {isa = PBXFileReference; lastKnownFileType = file.storyboard; name = Base; path = Base.lproj/LaunchScreen.storyboard; sourceTree = "<group>"; };
		B17E2B15211DED5F00463600 /* Info.plist */ = {isa = PBXFileReference; lastKnownFileType = text.plist.xml; path = Info.plist; sourceTree = "<group>"; };
		B17E2B16211DED5F00463600 /* main.m */ = {isa = PBXFileReference; lastKnownFileType = sourcecode.c.objc; path = main.m; sourceTree = "<group>"; };
		B17E2B1C211DED6000463600 /* WatchTyTests.xctest */ = {isa = PBXFileReference; explicitFileType = wrapper.cfbundle; includeInIndex = 0; path = WatchTyTests.xctest; sourceTree = BUILT_PRODUCTS_DIR; };
		B17E2B20211DED6000463600 /* WatcthTyTests.m */ = {isa = PBXFileReference; lastKnownFileType = sourcecode.c.objc; path = WatcthTyTests.m; sourceTree = "<group>"; };
		B17E2B22211DED6000463600 /* Info.plist */ = {isa = PBXFileReference; lastKnownFileType = text.plist.xml; path = Info.plist; sourceTree = "<group>"; };
		B17E2B27211DED6000463600 /* WatchTyUITests.xctest */ = {isa = PBXFileReference; explicitFileType = wrapper.cfbundle; includeInIndex = 0; path = WatchTyUITests.xctest; sourceTree = BUILT_PRODUCTS_DIR; };
		B17E2B2B211DED6000463600 /* WatcthTyUITests.m */ = {isa = PBXFileReference; lastKnownFileType = sourcecode.c.objc; path = WatcthTyUITests.m; sourceTree = "<group>"; };
		B17E2B2D211DED6000463600 /* Info.plist */ = {isa = PBXFileReference; lastKnownFileType = text.plist.xml; path = Info.plist; sourceTree = "<group>"; };
		B17E2B39211DF9CB00463600 /* MainViewController.h */ = {isa = PBXFileReference; lastKnownFileType = sourcecode.c.h; path = MainViewController.h; sourceTree = "<group>"; };
		B17E2B3A211DF9CB00463600 /* MainViewController.m */ = {isa = PBXFileReference; lastKnownFileType = sourcecode.c.objc; path = MainViewController.m; sourceTree = "<group>"; };
		B17E2B3C211DFA6A00463600 /* MovieCollectionViewCell.h */ = {isa = PBXFileReference; lastKnownFileType = sourcecode.c.h; path = MovieCollectionViewCell.h; sourceTree = "<group>"; };
		B17E2B3D211DFA6A00463600 /* MovieCollectionViewCell.m */ = {isa = PBXFileReference; lastKnownFileType = sourcecode.c.objc; path = MovieCollectionViewCell.m; sourceTree = "<group>"; };
		B17E2B3F211DFD4F00463600 /* ServerManager.h */ = {isa = PBXFileReference; lastKnownFileType = sourcecode.c.h; path = ServerManager.h; sourceTree = "<group>"; };
		B17E2B40211DFD4F00463600 /* ServerManager.m */ = {isa = PBXFileReference; lastKnownFileType = sourcecode.c.objc; path = ServerManager.m; sourceTree = "<group>"; };
		B17E2B42211E01CE00463600 /* Movie.h */ = {isa = PBXFileReference; lastKnownFileType = sourcecode.c.h; path = Movie.h; sourceTree = "<group>"; };
		B17E2B43211E01CE00463600 /* Movie.m */ = {isa = PBXFileReference; lastKnownFileType = sourcecode.c.objc; path = Movie.m; sourceTree = "<group>"; };
		B17E2B4D212080EF00463600 /* CertainMovieViewController.h */ = {isa = PBXFileReference; lastKnownFileType = sourcecode.c.h; path = CertainMovieViewController.h; sourceTree = "<group>"; };
		B17E2B4E212080EF00463600 /* CertainMovieViewController.m */ = {isa = PBXFileReference; lastKnownFileType = sourcecode.c.objc; path = CertainMovieViewController.m; sourceTree = "<group>"; };
		B1E806F92194A65C00AD2F91 /* Reachability.h */ = {isa = PBXFileReference; fileEncoding = 4; lastKnownFileType = sourcecode.c.h; path = Reachability.h; sourceTree = "<group>"; };
		B1E806FA2194A65C00AD2F91 /* Reachability.m */ = {isa = PBXFileReference; fileEncoding = 4; lastKnownFileType = sourcecode.c.objc; path = Reachability.m; sourceTree = "<group>"; };
		B1E807032194D88A00AD2F91 /* NoConnectionView.h */ = {isa = PBXFileReference; lastKnownFileType = sourcecode.c.h; path = NoConnectionView.h; sourceTree = "<group>"; };
		B1E807042194D88A00AD2F91 /* NoConnectionView.m */ = {isa = PBXFileReference; lastKnownFileType = sourcecode.c.objc; path = NoConnectionView.m; sourceTree = "<group>"; };
		B1E807062194D89D00AD2F91 /* NoConnectionView.xib */ = {isa = PBXFileReference; lastKnownFileType = file.xib; path = NoConnectionView.xib; sourceTree = "<group>"; };
		B67DDE097FCE11ACF66CCB8C /* libPods-WatcthTy.a */ = {isa = PBXFileReference; explicitFileType = archive.ar; includeInIndex = 0; path = "libPods-WatcthTy.a"; sourceTree = BUILT_PRODUCTS_DIR; };
		C4B9D6E8649DB9ABAFAE1405 /* Pods-WatcthTyUITests.debug.xcconfig */ = {isa = PBXFileReference; includeInIndex = 1; lastKnownFileType = text.xcconfig; name = "Pods-WatcthTyUITests.debug.xcconfig"; path = "Pods/Target Support Files/Pods-WatcthTyUITests/Pods-WatcthTyUITests.debug.xcconfig"; sourceTree = "<group>"; };
		D6DC4127F0CBC552BBF17927 /* Pods-WatcthTyTests.debug.xcconfig */ = {isa = PBXFileReference; includeInIndex = 1; lastKnownFileType = text.xcconfig; name = "Pods-WatcthTyTests.debug.xcconfig"; path = "Pods/Target Support Files/Pods-WatcthTyTests/Pods-WatcthTyTests.debug.xcconfig"; sourceTree = "<group>"; };
/* End PBXFileReference section */

/* Begin PBXFrameworksBuildPhase section */
		B17E2B01211DED5E00463600 /* Frameworks */ = {
			isa = PBXFrameworksBuildPhase;
			buildActionMask = 2147483647;
			files = (
				9A983D3858D7CE1F587E6D08 /* libPods-WatcthTy.a in Frameworks */,
			);
			runOnlyForDeploymentPostprocessing = 0;
		};
		B17E2B19211DED6000463600 /* Frameworks */ = {
			isa = PBXFrameworksBuildPhase;
			buildActionMask = 2147483647;
			files = (
				52234BD1235F029D00937DAE /* libPods-WatcthTyTests.a in Frameworks */,
			);
			runOnlyForDeploymentPostprocessing = 0;
		};
		B17E2B24211DED6000463600 /* Frameworks */ = {
			isa = PBXFrameworksBuildPhase;
			buildActionMask = 2147483647;
			files = (
				15590B752CD247F60BE45222 /* libPods-WatcthTyUITests.a in Frameworks */,
			);
			runOnlyForDeploymentPostprocessing = 0;
		};
/* End PBXFrameworksBuildPhase section */

/* Begin PBXGroup section */
		71B901475D0C5426E9C60D32 /* Frameworks */ = {
			isa = PBXGroup;
			children = (
				B67DDE097FCE11ACF66CCB8C /* libPods-WatcthTy.a */,
				6178255122BCCBD5DBC91668 /* libPods-WatcthTyTests.a */,
				4DA8CB35F9D86603E45FA5D8 /* libPods-WatcthTyUITests.a */,
			);
			name = Frameworks;
			sourceTree = "<group>";
		};
		7F6AC04710ED590F37E09B9B /* Pods */ = {
			isa = PBXGroup;
			children = (
				91F93F755869346C310E66BC /* Pods-WatcthTy.debug.xcconfig */,
				03EC120EE1539B4D8B282D51 /* Pods-WatcthTy.release.xcconfig */,
				D6DC4127F0CBC552BBF17927 /* Pods-WatcthTyTests.debug.xcconfig */,
				57C4F4A7A215080A02B84858 /* Pods-WatcthTyTests.release.xcconfig */,
				C4B9D6E8649DB9ABAFAE1405 /* Pods-WatcthTyUITests.debug.xcconfig */,
				762DC3CD6C5EA41B6CFAE7B2 /* Pods-WatcthTyUITests.release.xcconfig */,
			);
			name = Pods;
			sourceTree = "<group>";
		};
		B17E2AFB211DED5E00463600 = {
			isa = PBXGroup;
			children = (
				B17E2B06211DED5E00463600 /* WatcthTy */,
				B17E2B1F211DED6000463600 /* WatcthTyTests */,
				B17E2B2A211DED6000463600 /* WatcthTyUITests */,
				B17E2B05211DED5E00463600 /* Products */,
				7F6AC04710ED590F37E09B9B /* Pods */,
				71B901475D0C5426E9C60D32 /* Frameworks */,
			);
			sourceTree = "<group>";
		};
		B17E2B05211DED5E00463600 /* Products */ = {
			isa = PBXGroup;
			children = (
				B17E2B04211DED5E00463600 /* WatchTy.app */,
				B17E2B1C211DED6000463600 /* WatchTyTests.xctest */,
				B17E2B27211DED6000463600 /* WatchTyUITests.xctest */,
			);
			name = Products;
			sourceTree = "<group>";
		};
		B17E2B06211DED5E00463600 /* WatcthTy */ = {
			isa = PBXGroup;
			children = (
				B17E2B07211DED5E00463600 /* AppDelegate.h */,
				B17E2B08211DED5E00463600 /* AppDelegate.m */,
				B17E2B0D211DED5E00463600 /* Main.storyboard */,
				B17E2B10211DED5F00463600 /* Assets.xcassets */,
				B17E2B12211DED5F00463600 /* LaunchScreen.storyboard */,
				B17E2B15211DED5F00463600 /* Info.plist */,
				B17E2B16211DED5F00463600 /* main.m */,
				B1E807022194C05900AD2F91 /* CustomView */,
				B1E806FC2194A6D300AD2F91 /* Reachability */,
				B17E2B4A2120809700463600 /* CustomCells */,
				B17E2B492120808C00463600 /* Controllers */,
				B17E2B4C212080B800463600 /* Managers */,
				B17E2B4B212080AC00463600 /* Model */,
			);
			path = WatcthTy;
			sourceTree = "<group>";
		};
		B17E2B1F211DED6000463600 /* WatcthTyTests */ = {
			isa = PBXGroup;
			children = (
				B17E2B20211DED6000463600 /* WatcthTyTests.m */,
				B17E2B22211DED6000463600 /* Info.plist */,
			);
			path = WatcthTyTests;
			sourceTree = "<group>";
		};
		B17E2B2A211DED6000463600 /* WatcthTyUITests */ = {
			isa = PBXGroup;
			children = (
				B17E2B2B211DED6000463600 /* WatcthTyUITests.m */,
				B17E2B2D211DED6000463600 /* Info.plist */,
			);
			path = WatcthTyUITests;
			sourceTree = "<group>";
		};
		B17E2B492120808C00463600 /* Controllers */ = {
			isa = PBXGroup;
			children = (
				B17E2B39211DF9CB00463600 /* MainViewController.h */,
				B17E2B3A211DF9CB00463600 /* MainViewController.m */,
				B17E2B4D212080EF00463600 /* CertainMovieViewController.h */,
				B17E2B4E212080EF00463600 /* CertainMovieViewController.m */,
				B122602F212D70A4005E4DD8 /* MenuTableViewController.h */,
				B1226030212D70A4005E4DD8 /* MenuTableViewController.m */,
				B122602D212D5E4A005E4DD8 /* SWRevealViewController.h */,
				B122602C212D5E4A005E4DD8 /* SWRevealViewController.m */,
			);
			path = Controllers;
			sourceTree = "<group>";
		};
		B17E2B4A2120809700463600 /* CustomCells */ = {
			isa = PBXGroup;
			children = (
				B17E2B3C211DFA6A00463600 /* MovieCollectionViewCell.h */,
				B17E2B3D211DFA6A00463600 /* MovieCollectionViewCell.m */,
			);
			path = CustomCells;
			sourceTree = "<group>";
		};
		B17E2B4B212080AC00463600 /* Model */ = {
			isa = PBXGroup;
			children = (
				B17E2B42211E01CE00463600 /* Movie.h */,
				B17E2B43211E01CE00463600 /* Movie.m */,
			);
			path = Model;
			sourceTree = "<group>";
		};
		B17E2B4C212080B800463600 /* Managers */ = {
			isa = PBXGroup;
			children = (
				B17E2B3F211DFD4F00463600 /* ServerManager.h */,
				B17E2B40211DFD4F00463600 /* ServerManager.m */,
			);
			path = Managers;
			sourceTree = "<group>";
		};
		B1E806FC2194A6D300AD2F91 /* Reachability */ = {
			isa = PBXGroup;
			children = (
				B1E806F92194A65C00AD2F91 /* Reachability.h */,
				B1E806FA2194A65C00AD2F91 /* Reachability.m */,
			);
			path = Reachability;
			sourceTree = "<group>";
		};
		B1E807022194C05900AD2F91 /* CustomView */ = {
			isa = PBXGroup;
			children = (
				B1E807032194D88A00AD2F91 /* NoConnectionView.h */,
				B1E807042194D88A00AD2F91 /* NoConnectionView.m */,
				B1E807062194D89D00AD2F91 /* NoConnectionView.xib */,
			);
			path = CustomView;
			sourceTree = "<group>";
		};
/* End PBXGroup section */

/* Begin PBXNativeTarget section */
		B17E2B03211DED5E00463600 /* WatchTy */ = {
			isa = PBXNativeTarget;
			buildConfigurationList = B17E2B30211DED6000463600 /* Build configuration list for PBXNativeTarget "WatchTy" */;
			buildPhases = (
				484FC386A924E68AB9AFEE19 /* [CP] Check Pods Manifest.lock */,
				B17E2B00211DED5E00463600 /* Sources */,
				B17E2B01211DED5E00463600 /* Frameworks */,
				B17E2B02211DED5E00463600 /* Resources */,
			);
			buildRules = (
			);
			dependencies = (
			);
			name = WatchTy;
			productName = WatcthTy;
			productReference = B17E2B04211DED5E00463600 /* WatchTy.app */;
			productType = "com.apple.product-type.application";
		};
		B17E2B1B211DED6000463600 /* WatchTyTests */ = {
			isa = PBXNativeTarget;
			buildConfigurationList = B17E2B33211DED6000463600 /* Build configuration list for PBXNativeTarget "WatchTyTests" */;
			buildPhases = (
				8967451F67B7442FBDED7388 /* [CP] Check Pods Manifest.lock */,
				B17E2B18211DED6000463600 /* Sources */,
				B17E2B19211DED6000463600 /* Frameworks */,
				B17E2B1A211DED6000463600 /* Resources */,
			);
			buildRules = (
			);
			dependencies = (
				B17E2B1E211DED6000463600 /* PBXTargetDependency */,
			);
			name = WatchTyTests;
			productName = WatcthTyTests;
			productReference = B17E2B1C211DED6000463600 /* WatchTyTests.xctest */;
			productType = "com.apple.product-type.bundle.unit-test";
		};
		B17E2B26211DED6000463600 /* WatchTyUITests */ = {
			isa = PBXNativeTarget;
			buildConfigurationList = B17E2B36211DED6000463600 /* Build configuration list for PBXNativeTarget "WatchTyUITests" */;
			buildPhases = (
				95B0D1C8A277F1B0B5067CA1 /* [CP] Check Pods Manifest.lock */,
				B17E2B23211DED6000463600 /* Sources */,
				B17E2B24211DED6000463600 /* Frameworks */,
				B17E2B25211DED6000463600 /* Resources */,
			);
			buildRules = (
			);
			dependencies = (
				B17E2B29211DED6000463600 /* PBXTargetDependency */,
			);
			name = WatchTyUITests;
			productName = WatcthTyUITests;
			productReference = B17E2B27211DED6000463600 /* WatchTyUITests.xctest */;
			productType = "com.apple.product-type.bundle.ui-testing";
		};
/* End PBXNativeTarget section */

/* Begin PBXProject section */
		B17E2AFC211DED5E00463600 /* Project object */ = {
			isa = PBXProject;
			attributes = {
				LastUpgradeCheck = 0940;
				ORGANIZATIONNAME = "Ruslan Arhypenko";
				TargetAttributes = {
					B17E2B03211DED5E00463600 = {
						CreatedOnToolsVersion = 9.4.1;
					};
					B17E2B1B211DED6000463600 = {
						CreatedOnToolsVersion = 9.4.1;
						TestTargetID = B17E2B03211DED5E00463600;
					};
					B17E2B26211DED6000463600 = {
						CreatedOnToolsVersion = 9.4.1;
						TestTargetID = B17E2B03211DED5E00463600;
					};
				};
			};
			buildConfigurationList = B17E2AFF211DED5E00463600 /* Build configuration list for PBXProject "WatchTy" */;
			compatibilityVersion = "Xcode 9.3";
			developmentRegion = en;
			hasScannedForEncodings = 0;
			knownRegions = (
				en,
				Base,
			);
			mainGroup = B17E2AFB211DED5E00463600;
			productRefGroup = B17E2B05211DED5E00463600 /* Products */;
			projectDirPath = "";
			projectRoot = "";
			targets = (
				B17E2B03211DED5E00463600 /* WatchTy */,
				B17E2B1B211DED6000463600 /* WatchTyTests */,
				B17E2B26211DED6000463600 /* WatchTyUITests */,
			);
		};
/* End PBXProject section */

/* Begin PBXResourcesBuildPhase section */
		B17E2B02211DED5E00463600 /* Resources */ = {
			isa = PBXResourcesBuildPhase;
			buildActionMask = 2147483647;
			files = (
				B17E2B14211DED5F00463600 /* LaunchScreen.storyboard in Resources */,
				B1E807072194D89D00AD2F91 /* NoConnectionView.xib in Resources */,
				B17E2B11211DED5F00463600 /* Assets.xcassets in Resources */,
				B17E2B0F211DED5E00463600 /* Main.storyboard in Resources */,
			);
			runOnlyForDeploymentPostprocessing = 0;
		};
		B17E2B1A211DED6000463600 /* Resources */ = {
			isa = PBXResourcesBuildPhase;
			buildActionMask = 2147483647;
			files = (
			);
			runOnlyForDeploymentPostprocessing = 0;
		};
		B17E2B25211DED6000463600 /* Resources */ = {
			isa = PBXResourcesBuildPhase;
			buildActionMask = 2147483647;
			files = (
			);
			runOnlyForDeploymentPostprocessing = 0;
		};
/* End PBXResourcesBuildPhase section */

/* Begin PBXShellScriptBuildPhase section */
		484FC386A924E68AB9AFEE19 /* [CP] Check Pods Manifest.lock */ = {
			isa = PBXShellScriptBuildPhase;
			buildActionMask = 2147483647;
			files = (
			);
			inputPaths = (
				"${PODS_PODFILE_DIR_PATH}/Podfile.lock",
				"${PODS_ROOT}/Manifest.lock",
			);
			name = "[CP] Check Pods Manifest.lock";
			outputPaths = (
				"$(DERIVED_FILE_DIR)/Pods-WatcthTy-checkManifestLockResult.txt",
			);
			runOnlyForDeploymentPostprocessing = 0;
			shellPath = /bin/sh;
			shellScript = "diff \"${PODS_PODFILE_DIR_PATH}/Podfile.lock\" \"${PODS_ROOT}/Manifest.lock\" > /dev/null\nif [ $? != 0 ] ; then\n    # print error to STDERR\n    echo \"error: The sandbox is not in sync with the Podfile.lock. Run 'pod install' or update your CocoaPods installation.\" >&2\n    exit 1\nfi\n# This output is used by Xcode 'outputs' to avoid re-running this script phase.\necho \"SUCCESS\" > \"${SCRIPT_OUTPUT_FILE_0}\"\n";
			showEnvVarsInLog = 0;
		};
		8967451F67B7442FBDED7388 /* [CP] Check Pods Manifest.lock */ = {
			isa = PBXShellScriptBuildPhase;
			buildActionMask = 2147483647;
			files = (
			);
			inputPaths = (
				"${PODS_PODFILE_DIR_PATH}/Podfile.lock",
				"${PODS_ROOT}/Manifest.lock",
			);
			name = "[CP] Check Pods Manifest.lock";
			outputPaths = (
				"$(DERIVED_FILE_DIR)/Pods-WatcthTyTests-checkManifestLockResult.txt",
			);
			runOnlyForDeploymentPostprocessing = 0;
			shellPath = /bin/sh;
			shellScript = "diff \"${PODS_PODFILE_DIR_PATH}/Podfile.lock\" \"${PODS_ROOT}/Manifest.lock\" > /dev/null\nif [ $? != 0 ] ; then\n    # print error to STDERR\n    echo \"error: The sandbox is not in sync with the Podfile.lock. Run 'pod install' or update your CocoaPods installation.\" >&2\n    exit 1\nfi\n# This output is used by Xcode 'outputs' to avoid re-running this script phase.\necho \"SUCCESS\" > \"${SCRIPT_OUTPUT_FILE_0}\"\n";
			showEnvVarsInLog = 0;
		};
		95B0D1C8A277F1B0B5067CA1 /* [CP] Check Pods Manifest.lock */ = {
			isa = PBXShellScriptBuildPhase;
			buildActionMask = 2147483647;
			files = (
			);
			inputPaths = (
				"${PODS_PODFILE_DIR_PATH}/Podfile.lock",
				"${PODS_ROOT}/Manifest.lock",
			);
			name = "[CP] Check Pods Manifest.lock";
			outputPaths = (
				"$(DERIVED_FILE_DIR)/Pods-WatcthTyUITests-checkManifestLockResult.txt",
			);
			runOnlyForDeploymentPostprocessing = 0;
			shellPath = /bin/sh;
			shellScript = "diff \"${PODS_PODFILE_DIR_PATH}/Podfile.lock\" \"${PODS_ROOT}/Manifest.lock\" > /dev/null\nif [ $? != 0 ] ; then\n    # print error to STDERR\n    echo \"error: The sandbox is not in sync with the Podfile.lock. Run 'pod install' or update your CocoaPods installation.\" >&2\n    exit 1\nfi\n# This output is used by Xcode 'outputs' to avoid re-running this script phase.\necho \"SUCCESS\" > \"${SCRIPT_OUTPUT_FILE_0}\"\n";
			showEnvVarsInLog = 0;
		};
/* End PBXShellScriptBuildPhase section */

/* Begin PBXSourcesBuildPhase section */
		B17E2B00211DED5E00463600 /* Sources */ = {
			isa = PBXSourcesBuildPhase;
			buildActionMask = 2147483647;
			files = (
				B17E2B44211E01CE00463600 /* Movie.m in Sources */,
				B17E2B41211DFD4F00463600 /* ServerManager.m in Sources */,
				B17E2B17211DED5F00463600 /* main.m in Sources */,
				B122602E212D5E4A005E4DD8 /* SWRevealViewController.m in Sources */,
				B1E806FB2194A65C00AD2F91 /* Reachability.m in Sources */,
				B17E2B3B211DF9CB00463600 /* MainViewController.m in Sources */,
				B1E807052194D88A00AD2F91 /* NoConnectionView.m in Sources */,
				B17E2B4F212080EF00463600 /* CertainMovieViewController.m in Sources */,
				B17E2B3E211DFA6A00463600 /* MovieCollectionViewCell.m in Sources */,
				B1226031212D70A4005E4DD8 /* MenuTableViewController.m in Sources */,
				B17E2B09211DED5E00463600 /* AppDelegate.m in Sources */,
			);
			runOnlyForDeploymentPostprocessing = 0;
		};
		B17E2B18211DED6000463600 /* Sources */ = {
			isa = PBXSourcesBuildPhase;
			buildActionMask = 2147483647;
			files = (
				B17E2B21211DED6000463600 /* WatcthTyTests.m in Sources */,
			);
			runOnlyForDeploymentPostprocessing = 0;
		};
		B17E2B23211DED6000463600 /* Sources */ = {
			isa = PBXSourcesBuildPhase;
			buildActionMask = 2147483647;
			files = (
				B17E2B2C211DED6000463600 /* WatcthTyUITests.m in Sources */,
			);
			runOnlyForDeploymentPostprocessing = 0;
		};
/* End PBXSourcesBuildPhase section */

/* Begin PBXTargetDependency section */
		B17E2B1E211DED6000463600 /* PBXTargetDependency */ = {
			isa = PBXTargetDependency;
			target = B17E2B03211DED5E00463600 /* WatchTy */;
			targetProxy = B17E2B1D211DED6000463600 /* PBXContainerItemProxy */;
		};
		B17E2B29211DED6000463600 /* PBXTargetDependency */ = {
			isa = PBXTargetDependency;
			target = B17E2B03211DED5E00463600 /* WatchTy */;
			targetProxy = B17E2B28211DED6000463600 /* PBXContainerItemProxy */;
		};
/* End PBXTargetDependency section */

/* Begin PBXVariantGroup section */
		B17E2B0D211DED5E00463600 /* Main.storyboard */ = {
			isa = PBXVariantGroup;
			children = (
				B17E2B0E211DED5E00463600 /* Base */,
			);
			name = Main.storyboard;
			sourceTree = "<group>";
		};
		B17E2B12211DED5F00463600 /* LaunchScreen.storyboard */ = {
			isa = PBXVariantGroup;
			children = (
				B17E2B13211DED5F00463600 /* Base */,
			);
			name = LaunchScreen.storyboard;
			sourceTree = "<group>";
		};
/* End PBXVariantGroup section */

/* Begin XCBuildConfiguration section */
		B17E2B2E211DED6000463600 /* Debug */ = {
			isa = XCBuildConfiguration;
			buildSettings = {
				ALWAYS_SEARCH_USER_PATHS = NO;
				CLANG_ANALYZER_NONNULL = YES;
				CLANG_ANALYZER_NUMBER_OBJECT_CONVERSION = YES_AGGRESSIVE;
				CLANG_CXX_LANGUAGE_STANDARD = "gnu++14";
				CLANG_CXX_LIBRARY = "libc++";
				CLANG_ENABLE_MODULES = YES;
				CLANG_ENABLE_OBJC_ARC = YES;
				CLANG_ENABLE_OBJC_WEAK = YES;
				CLANG_WARN_BLOCK_CAPTURE_AUTORELEASING = YES;
				CLANG_WARN_BOOL_CONVERSION = YES;
				CLANG_WARN_COMMA = YES;
				CLANG_WARN_CONSTANT_CONVERSION = YES;
				CLANG_WARN_DEPRECATED_OBJC_IMPLEMENTATIONS = YES;
				CLANG_WARN_DIRECT_OBJC_ISA_USAGE = YES_ERROR;
				CLANG_WARN_DOCUMENTATION_COMMENTS = YES;
				CLANG_WARN_EMPTY_BODY = YES;
				CLANG_WARN_ENUM_CONVERSION = YES;
				CLANG_WARN_INFINITE_RECURSION = YES;
				CLANG_WARN_INT_CONVERSION = YES;
				CLANG_WARN_NON_LITERAL_NULL_CONVERSION = YES;
				CLANG_WARN_OBJC_IMPLICIT_RETAIN_SELF = YES;
				CLANG_WARN_OBJC_LITERAL_CONVERSION = YES;
				CLANG_WARN_OBJC_ROOT_CLASS = YES_ERROR;
				CLANG_WARN_RANGE_LOOP_ANALYSIS = YES;
				CLANG_WARN_STRICT_PROTOTYPES = YES;
				CLANG_WARN_SUSPICIOUS_MOVE = YES;
				CLANG_WARN_UNGUARDED_AVAILABILITY = YES_AGGRESSIVE;
				CLANG_WARN_UNREACHABLE_CODE = YES;
				CLANG_WARN__DUPLICATE_METHOD_MATCH = YES;
				CODE_SIGN_IDENTITY = "iPhone Developer";
				COPY_PHASE_STRIP = NO;
				DEBUG_INFORMATION_FORMAT = dwarf;
				ENABLE_STRICT_OBJC_MSGSEND = YES;
				ENABLE_TESTABILITY = YES;
				GCC_C_LANGUAGE_STANDARD = gnu11;
				GCC_DYNAMIC_NO_PIC = NO;
				GCC_NO_COMMON_BLOCKS = YES;
				GCC_OPTIMIZATION_LEVEL = 0;
				GCC_PREPROCESSOR_DEFINITIONS = (
					"DEBUG=1",
					"$(inherited)",
				);
				GCC_WARN_64_TO_32_BIT_CONVERSION = YES;
				GCC_WARN_ABOUT_RETURN_TYPE = YES_ERROR;
				GCC_WARN_UNDECLARED_SELECTOR = YES;
				GCC_WARN_UNINITIALIZED_AUTOS = YES_AGGRESSIVE;
				GCC_WARN_UNUSED_FUNCTION = YES;
				GCC_WARN_UNUSED_VARIABLE = YES;
				IPHONEOS_DEPLOYMENT_TARGET = 11.4;
				MTL_ENABLE_DEBUG_INFO = YES;
				ONLY_ACTIVE_ARCH = YES;
				SDKROOT = iphoneos;
			};
			name = Debug;
		};
		B17E2B2F211DED6000463600 /* Release */ = {
			isa = XCBuildConfiguration;
			buildSettings = {
				ALWAYS_SEARCH_USER_PATHS = NO;
				CLANG_ANALYZER_NONNULL = YES;
				CLANG_ANALYZER_NUMBER_OBJECT_CONVERSION = YES_AGGRESSIVE;
				CLANG_CXX_LANGUAGE_STANDARD = "gnu++14";
				CLANG_CXX_LIBRARY = "libc++";
				CLANG_ENABLE_MODULES = YES;
				CLANG_ENABLE_OBJC_ARC = YES;
				CLANG_ENABLE_OBJC_WEAK = YES;
				CLANG_WARN_BLOCK_CAPTURE_AUTORELEASING = YES;
				CLANG_WARN_BOOL_CONVERSION = YES;
				CLANG_WARN_COMMA = YES;
				CLANG_WARN_CONSTANT_CONVERSION = YES;
				CLANG_WARN_DEPRECATED_OBJC_IMPLEMENTATIONS = YES;
				CLANG_WARN_DIRECT_OBJC_ISA_USAGE = YES_ERROR;
				CLANG_WARN_DOCUMENTATION_COMMENTS = YES;
				CLANG_WARN_EMPTY_BODY = YES;
				CLANG_WARN_ENUM_CONVERSION = YES;
				CLANG_WARN_INFINITE_RECURSION = YES;
				CLANG_WARN_INT_CONVERSION = YES;
				CLANG_WARN_NON_LITERAL_NULL_CONVERSION = YES;
				CLANG_WARN_OBJC_IMPLICIT_RETAIN_SELF = YES;
				CLANG_WARN_OBJC_LITERAL_CONVERSION = YES;
				CLANG_WARN_OBJC_ROOT_CLASS = YES_ERROR;
				CLANG_WARN_RANGE_LOOP_ANALYSIS = YES;
				CLANG_WARN_STRICT_PROTOTYPES = YES;
				CLANG_WARN_SUSPICIOUS_MOVE = YES;
				CLANG_WARN_UNGUARDED_AVAILABILITY = YES_AGGRESSIVE;
				CLANG_WARN_UNREACHABLE_CODE = YES;
				CLANG_WARN__DUPLICATE_METHOD_MATCH = YES;
				CODE_SIGN_IDENTITY = "iPhone Developer";
				COPY_PHASE_STRIP = NO;
				DEBUG_INFORMATION_FORMAT = "dwarf-with-dsym";
				ENABLE_NS_ASSERTIONS = NO;
				ENABLE_STRICT_OBJC_MSGSEND = YES;
				GCC_C_LANGUAGE_STANDARD = gnu11;
				GCC_NO_COMMON_BLOCKS = YES;
				GCC_WARN_64_TO_32_BIT_CONVERSION = YES;
				GCC_WARN_ABOUT_RETURN_TYPE = YES_ERROR;
				GCC_WARN_UNDECLARED_SELECTOR = YES;
				GCC_WARN_UNINITIALIZED_AUTOS = YES_AGGRESSIVE;
				GCC_WARN_UNUSED_FUNCTION = YES;
				GCC_WARN_UNUSED_VARIABLE = YES;
				IPHONEOS_DEPLOYMENT_TARGET = 11.4;
				MTL_ENABLE_DEBUG_INFO = NO;
				SDKROOT = iphoneos;
				VALIDATE_PRODUCT = YES;
			};
			name = Release;
		};
		B17E2B31211DED6000463600 /* Debug */ = {
			isa = XCBuildConfiguration;
			baseConfigurationReference = 91F93F755869346C310E66BC /* Pods-WatcthTy.debug.xcconfig */;
			buildSettings = {
				ASSETCATALOG_COMPILER_APPICON_NAME = AppIcon;
				CODE_SIGN_STYLE = Automatic;
				DEVELOPMENT_TEAM = 6Y53L9635B;
				INFOPLIST_FILE = WatcthTy/Info.plist;
				LD_RUNPATH_SEARCH_PATHS = (
					"$(inherited)",
					"@executable_path/Frameworks",
				);
				PRODUCT_BUNDLE_IDENTIFIER = "com.ruslan-arkhypenko.WatcthTy";
				PRODUCT_NAME = "$(TARGET_NAME)";
				TARGETED_DEVICE_FAMILY = 1;
			};
			name = Debug;
		};
		B17E2B32211DED6000463600 /* Release */ = {
			isa = XCBuildConfiguration;
			baseConfigurationReference = 03EC120EE1539B4D8B282D51 /* Pods-WatcthTy.release.xcconfig */;
			buildSettings = {
				ASSETCATALOG_COMPILER_APPICON_NAME = AppIcon;
				CODE_SIGN_STYLE = Automatic;
				DEVELOPMENT_TEAM = 6Y53L9635B;
				INFOPLIST_FILE = WatcthTy/Info.plist;
				LD_RUNPATH_SEARCH_PATHS = (
					"$(inherited)",
					"@executable_path/Frameworks",
				);
				PRODUCT_BUNDLE_IDENTIFIER = "com.ruslan-arkhypenko.WatcthTy";
				PRODUCT_NAME = "$(TARGET_NAME)";
				TARGETED_DEVICE_FAMILY = 1;
			};
			name = Release;
		};
		B17E2B34211DED6000463600 /* Debug */ = {
			isa = XCBuildConfiguration;
			baseConfigurationReference = D6DC4127F0CBC552BBF17927 /* Pods-WatcthTyTests.debug.xcconfig */;
			buildSettings = {
				BUNDLE_LOADER = "$(TEST_HOST)";
				CODE_SIGN_STYLE = Automatic;
				INFOPLIST_FILE = WatcthTyTests/Info.plist;
				LD_RUNPATH_SEARCH_PATHS = (
					"$(inherited)",
					"@executable_path/Frameworks",
					"@loader_path/Frameworks",
				);
				PRODUCT_BUNDLE_IDENTIFIER = "com.ruslan-arkhypenko.WatcthTyTests";
				PRODUCT_NAME = "$(TARGET_NAME)";
				TARGETED_DEVICE_FAMILY = "1,2";
				TEST_HOST = "$(BUILT_PRODUCTS_DIR)/WatchTy.app/WatchTy";
			};
			name = Debug;
		};
		B17E2B35211DED6000463600 /* Release */ = {
			isa = XCBuildConfiguration;
			baseConfigurationReference = 57C4F4A7A215080A02B84858 /* Pods-WatcthTyTests.release.xcconfig */;
			buildSettings = {
				BUNDLE_LOADER = "$(TEST_HOST)";
				CODE_SIGN_STYLE = Automatic;
				INFOPLIST_FILE = WatcthTyTests/Info.plist;
				LD_RUNPATH_SEARCH_PATHS = (
					"$(inherited)",
					"@executable_path/Frameworks",
					"@loader_path/Frameworks",
				);
				PRODUCT_BUNDLE_IDENTIFIER = "com.ruslan-arkhypenko.WatcthTyTests";
				PRODUCT_NAME = "$(TARGET_NAME)";
				TARGETED_DEVICE_FAMILY = "1,2";
				TEST_HOST = "$(BUILT_PRODUCTS_DIR)/WatchTy.app/WatchTy";
			};
			name = Release;
		};
		B17E2B37211DED6000463600 /* Debug */ = {
			isa = XCBuildConfiguration;
			baseConfigurationReference = C4B9D6E8649DB9ABAFAE1405 /* Pods-WatcthTyUITests.debug.xcconfig */;
			buildSettings = {
				CODE_SIGN_STYLE = Automatic;
				INFOPLIST_FILE = WatcthTyUITests/Info.plist;
				LD_RUNPATH_SEARCH_PATHS = (
					"$(inherited)",
					"@executable_path/Frameworks",
					"@loader_path/Frameworks",
				);
				PRODUCT_BUNDLE_IDENTIFIER = "com.ruslan-arkhypenko.WatcthTyUITests";
				PRODUCT_NAME = "$(TARGET_NAME)";
				TARGETED_DEVICE_FAMILY = "1,2";
				TEST_TARGET_NAME = WatcthTy;
			};
			name = Debug;
		};
		B17E2B38211DED6000463600 /* Release */ = {
			isa = XCBuildConfiguration;
			baseConfigurationReference = 762DC3CD6C5EA41B6CFAE7B2 /* Pods-WatcthTyUITests.release.xcconfig */;
			buildSettings = {
				CODE_SIGN_STYLE = Automatic;
				INFOPLIST_FILE = WatcthTyUITests/Info.plist;
				LD_RUNPATH_SEARCH_PATHS = (
					"$(inherited)",
					"@executable_path/Frameworks",
					"@loader_path/Frameworks",
				);
				PRODUCT_BUNDLE_IDENTIFIER = "com.ruslan-arkhypenko.WatcthTyUITests";
				PRODUCT_NAME = "$(TARGET_NAME)";
				TARGETED_DEVICE_FAMILY = "1,2";
				TEST_TARGET_NAME = WatcthTy;
			};
			name = Release;
		};
/* End XCBuildConfiguration section */

/* Begin XCConfigurationList section */
		B17E2AFF211DED5E00463600 /* Build configuration list for PBXProject "WatchTy" */ = {
			isa = XCConfigurationList;
			buildConfigurations = (
				B17E2B2E211DED6000463600 /* Debug */,
				B17E2B2F211DED6000463600 /* Release */,
			);
			defaultConfigurationIsVisible = 0;
			defaultConfigurationName = Release;
		};
		B17E2B30211DED6000463600 /* Build configuration list for PBXNativeTarget "WatchTy" */ = {
			isa = XCConfigurationList;
			buildConfigurations = (
				B17E2B31211DED6000463600 /* Debug */,
				B17E2B32211DED6000463600 /* Release */,
			);
			defaultConfigurationIsVisible = 0;
			defaultConfigurationName = Release;
		};
		B17E2B33211DED6000463600 /* Build configuration list for PBXNativeTarget "WatchTyTests" */ = {
			isa = XCConfigurationList;
			buildConfigurations = (
				B17E2B34211DED6000463600 /* Debug */,
				B17E2B35211DED6000463600 /* Release */,
			);
			defaultConfigurationIsVisible = 0;
			defaultConfigurationName = Release;
		};
		B17E2B36211DED6000463600 /* Build configuration list for PBXNativeTarget "WatchTyUITests" */ = {
			isa = XCConfigurationList;
			buildConfigurations = (
				B17E2B37211DED6000463600 /* Debug */,
				B17E2B38211DED6000463600 /* Release */,
			);
			defaultConfigurationIsVisible = 0;
			defaultConfigurationName = Release;
		};
/* End XCConfigurationList section */
	};
	rootObject = B17E2AFC211DED5E00463600 /* Project object */;
}
